
Microsoft Visual Studio Solution File, Format Version 12.00
# Visual Studio 15
VisualStudioVersion = 15.0.28010.0
MinimumVisualStudioVersion = 10.0.40219.1
Project("{FAE04EC0-301F-11D3-BF4B-00C04F79EFBC}") = "EFEM_Emulator", "EFEM_Emulator\EFEM_Emulator.csproj", "{3F12F391-D8B1-4A1A-AD39-BEC1E74AE38D}"
EndProject
Project("{FAE04EC0-301F-11D3-BF4B-00C04F79EFBC}") = "EFEMInterface", "..\EFEMInterface\EFEMInterface\EFEMInterface.csproj", "{FA9F0060-9751-4CF0-993A-357FD796143E}"
EndProject
Global
	GlobalSection(SolutionConfigurationPlatforms) = preSolution
		Debug|Any CPU = Debug|Any CPU
		Release|Any CPU = Release|Any CPU
	EndGlobalSection
	GlobalSection(ProjectConfigurationPlatforms) = postSolution
		{3F12F391-D8B1-4A1A-AD39-BEC1E74AE38D}.Debug|Any CPU.ActiveCfg = Debug|Any CPU
		{3F12F391-D8B1-4A1A-AD39-BEC1E74AE38D}.Debug|Any CPU.Build.0 = Debug|Any CPU
		{3F12F391-D8B1-4A1A-AD39-BEC1E74AE38D}.Release|Any CPU.ActiveCfg = Release|Any CPU
		{3F12F391-D8B1-4A1A-AD39-BEC1E74AE38D}.Release|Any CPU.Build.0 = Release|Any CPU
		{FA9F0060-9751-4CF0-993A-357FD796143E}.Debug|Any CPU.ActiveCfg = Debug|Any CPU
		{FA9F0060-9751-4CF0-993A-357FD796143E}.Debug|Any CPU.Build.0 = Debug|Any CPU
		{FA9F0060-9751-4CF0-993A-357FD796143E}.Release|Any CPU.ActiveCfg = Release|Any CPU
		{FA9F0060-9751-4CF0-993A-357FD796143E}.Release|Any CPU.Build.0 = Release|Any CPU
	EndGlobalSection
	GlobalSection(SolutionProperties) = preSolution
		HideSolutionNode = FALSE
	EndGlobalSection
	GlobalSection(ExtensibilityGlobals) = postSolution
		SolutionGuid = {1C0E7F95-E0EE-4972-8FE0-F69913589837}
	EndGlobalSection
EndGlobal
